dependencies:
- name: airflow
  repository: https://airflow.apache.org
  version: 1.22.0
- name: versitygw
  repository: oci://ghcr.io/versity/versitygw/charts
  version: 0.4.4
- name: fuseki
  repository: https://charts.zazuko.com/
  version: 0.2.3
- name: graph
  repository: ""
  version: 0.1.0
- name: ingest
  repository: ""
  version: 0.1.0
- name: mockils
  repository: ""
  version: 0.1.0
- name: outbackcdx
  repository: ""
  version: 0.1.0
- name: playback
  repository: ""
  version: 0.1.0
- name: pwidresolver
  repository: ""
  version: 0.1.0
- name: wacalog
  repository: ""
  version: 0.1.0
- name: dashboard
  repository: ""
  version: 0.1.0
digest: sha256:890be3be133bce65b11ad7e8643dee1cd1088339b291502a2b677592c10e188a
generated: "2026-09-29T11:39:58.187179455+02:00"
