dependencies:
- name: airflow
  repository: https://airflow.apache.org
  version: 1.22.0
- name: fuseki
  repository: https://charts.zazuko.com/
  version: 0.2.0
- name: graph
  repository: ""
  version: 0.1.0
- name: ingest
  repository: ""
  version: 0.1.0
- name: mockils
  repository: ""
  version: 0.1.0
- name: outbackcdx
  repository: ""
  version: 0.1.0
- name: playback
  repository: ""
  version: 0.1.0
- name: pwidresolver
  repository: ""
  version: 0.1.0
- name: wacalog
  repository: ""
  version: 0.1.0
- name: dashboard
  repository: ""
  version: 0.1.0
- name: versitygw
  repository: ""
  version: 0.3.3
digest: sha256:0cc74d799b8ceb2c0a80a21946e5291f4ba10c2bd0f72475d5aebd712678d33b
generated: "2026-09-29T10:38:07.05659971+02:00"
